PODS:
  - flutter_local_notifications (0.0.1):
    - FlutterMacOS
  - flutter_secure_storage_macos (6.1.3):
    - FlutterMacOS
  - FlutterMacOS (1.0.0)
  - printing (1.0.0):
    - FlutterMacOS
  - share_plus (0.0.1):
    - FlutterMacOS

DEPENDENCIES:
  - flutter_local_notifications (from `Flutter/ephemeral/.symlinks/plugins/flutter_local_notifications/macos`)
  - flutter_secure_storage_macos (from `Flutter/ephemeral/.symlinks/plugins/flutter_secure_storage_macos/macos`)
  - FlutterMacOS (from `Flutter/ephemeral`)
  - printing (from `Flutter/ephemeral/.symlinks/plugins/printing/macos`)
  - share_plus (from `Flutter/ephemeral/.symlinks/plugins/share_plus/macos`)

EXTERNAL SOURCES:
  flutter_local_notifications:
    :path: Flutter/ephemeral/.symlinks/plugins/flutter_local_notifications/macos
  flutter_secure_storage_macos:
    :path: Flutter/ephemeral/.symlinks/plugins/flutter_secure_storage_macos/macos
  FlutterMacOS:
    :path: Flutter/ephemeral
  printing:
    :path: Flutter/ephemeral/.symlinks/plugins/printing/macos
  share_plus:
    :path: Flutter/ephemeral/.symlinks/plugins/share_plus/macos

SPEC CHECKSUMS:
  flutter_local_notifications: 7e5a17a1dbc00d83dc10d43c2c4c05f2ceed233c
  flutter_secure_storage_macos: 7f45e30f838cf2659862a4e4e3ee1c347c2b3b54
  FlutterMacOS: c232990155153907050900a2e175c7773903ba4e
  printing: c4cf83c78fd684f9bc318e6aadc18972aa48f617
  share_plus: 11c7b7fa7020465584eca3ff6392c5bc1e399d6e

PODFILE CHECKSUM: 1e95c36afbfd1cb6423ceca4de7a8e1b256fb6ac

COCOAPODS: 1.17.0
